
Microsoft Visual Studio Solution File, Format Version 12.00
# Visual Studio 15
VisualStudioVersion = 15.0.28307.421
MinimumVisualStudioVersion = 10.0.40219.1
Project("{FAE04EC0-301F-11D3-BF4B-00C04F79EFBC}") = "ChatApplication", "ChatApplication\ChatApplication.csproj", "{71427E84-34AF-44A8-9D30-5CE4211292A6}"
EndProject
Global
	GlobalSection(SolutionConfigurationPlatforms) = preSolution
		Debug|Any CPU = Debug|Any CPU
		Release|Any CPU = Release|Any CPU
	EndGlobalSection
	GlobalSection(ProjectConfigurationPlatforms) = postSolution
		{71427E84-34AF-44A8-9D30-5CE4211292A6}.Debug|Any CPU.ActiveCfg = Debug|Any CPU
		{71427E84-34AF-44A8-9D30-5CE4211292A6}.Debug|Any CPU.Build.0 = Debug|Any CPU
		{71427E84-34AF-44A8-9D30-5CE4211292A6}.Release|Any CPU.ActiveCfg = Release|Any CPU
		{71427E84-34AF-44A8-9D30-5CE4211292A6}.Release|Any CPU.Build.0 = Release|Any CPU
	EndGlobalSection
	GlobalSection(SolutionProperties) = preSolution
		HideSolutionNode = FALSE
	EndGlobalSection
	GlobalSection(ExtensibilityGlobals) = postSolution
		SolutionGuid = {9F4A8097-B631-4E61-AED9-73D56976D778}
	EndGlobalSection
EndGlobal
